// !$*UTF8*$!
{
	archiveVersion = 1;
	classes = {
	};
	objectVersion = 56;
	objects = {

/* Begin PBXBuildFile section */
		D70991502913DB120062C1BB /* FirebaseManager.swift in Sources */ = {isa = PBXBuildFile; fileRef = D709914F2913DB120062C1BB /* FirebaseManager.swift */; };
		D70991602913DDEF0062C1BB /* FirebaseAnalytics in Frameworks */ = {isa = PBXBuildFile; productRef = D709915F2913DDEF0062C1BB /* FirebaseAnalytics */; };
		D70991622913DDEF0062C1BB /* FirebaseMessaging in Frameworks */ = {isa = PBXBuildFile; productRef = D70991612913DDEF0062C1BB /* FirebaseMessaging */; };
		D70991642913DDEF0062C1BB /* FirebaseRemoteConfig in Frameworks */ = {isa = PBXBuildFile; productRef = D70991632913DDEF0062C1BB /* FirebaseRemoteConfig */; };
		D7C246AD2911BAC2006C0FC0 /* AppDelegate.swift in Sources */ = {isa = PBXBuildFile; fileRef = D7C246AC2911BAC2006C0FC0 /* AppDelegate.swift */; };
		D7C246AF2911BAC2006C0FC0 /* SceneDelegate.swift in Sources */ = {isa = PBXBuildFile; fileRef = D7C246AE2911BAC2006C0FC0 /* SceneDelegate.swift */; };
		D7C246B62911BAC6006C0FC0 /* Assets.xcassets in Resources */ = {isa = PBXBuildFile; fileRef = D7C246B52911BAC6006C0FC0 /* Assets.xcassets */; };
		D7C246B92911BAC6006C0FC0 /* LaunchScreen.storyboard in Resources */ = {isa = PBXBuildFile; fileRef = D7C246B72911BAC6006C0FC0 /* LaunchScreen.storyboard */; };
		D7C246C12911BBA7006C0FC0 /* HomeViewController.swift in Sources */ = {isa = PBXBuildFile; fileRef = D7C246C02911BBA7006C0FC0 /* HomeViewController.swift */; };
		D7C246C32911BBF2006C0FC0 /* OmdbApi.swift in Sources */ = {isa = PBXBuildFile; fileRef = D7C246C22911BBF2006C0FC0 /* OmdbApi.swift */; };
		D7C246C62911BC3E006C0FC0 /* Alamofire in Frameworks */ = {isa = PBXBuildFile; productRef = D7C246C52911BC3E006C0FC0 /* Alamofire */; };
		D7C246C92911BCC3006C0FC0 /* Target.swift in Sources */ = {isa = PBXBuildFile; fileRef = D7C246C82911BCC3006C0FC0 /* Target.swift */; };
		D7C246CB2911BE02006C0FC0 /* APIManager.swift in Sources */ = {isa = PBXBuildFile; fileRef = D7C246CA2911BE02006C0FC0 /* APIManager.swift */; };
		D7C246CF2911BE62006C0FC0 /* Constants.swift in Sources */ = {isa = PBXBuildFile; fileRef = D7C246CE2911BE62006C0FC0 /* Constants.swift */; };
		D7C246D12911BF17006C0FC0 /* BaseApi.swift in Sources */ = {isa = PBXBuildFile; fileRef = D7C246D02911BF17006C0FC0 /* BaseApi.swift */; };
		D7C246D42911BFA1006C0FC0 /* Movie.swift in Sources */ = {isa = PBXBuildFile; fileRef = D7C246D32911BFA1006C0FC0 /* Movie.swift */; };
		D7C246DD2911C270006C0FC0 /* DetailViewController.swift in Sources */ = {isa = PBXBuildFile; fileRef = D7C246DC2911C270006C0FC0 /* DetailViewController.swift */; };
		D7C246DF2911C295006C0FC0 /* SplashViewController.swift in Sources */ = {isa = PBXBuildFile; fileRef = D7C246DE2911C295006C0FC0 /* SplashViewController.swift */; };
		D7C246E12911C81A006C0FC0 /* MovieTableViewCell.swift in Sources */ = {isa = PBXBuildFile; fileRef = D7C246E02911C81A006C0FC0 /* MovieTableViewCell.swift */; };
		D7C246E32911C846006C0FC0 /* MovieViewModel.swift in Sources */ = {isa = PBXBuildFile; fileRef = D7C246E22911C846006C0FC0 /* MovieViewModel.swift */; };
		D7C246E52911C856006C0FC0 /* MovieDetailViewModel.swift in Sources */ = {isa = PBXBuildFile; fileRef = D7C246E42911C856006C0FC0 /* MovieDetailViewModel.swift */; };
		D7C246E82911C990006C0FC0 /* Kingfisher in Frameworks */ = {isa = PBXBuildFile; productRef = D7C246E72911C990006C0FC0 /* Kingfisher */; };
		D7C246EC2911CD54006C0FC0 /* Extensions.swift in Sources */ = {isa = PBXBuildFile; fileRef = D7C246EB2911CD54006C0FC0 /* Extensions.swift */; };
		D7C246EF2912649E006C0FC0 /* NetworkManager.swift in Sources */ = {isa = PBXBuildFile; fileRef = D7C246EE2912649E006C0FC0 /* NetworkManager.swift */; };
		D7CC394B29142C65004E67F9 /* GoogleService-Info.plist in Resources */ = {isa = PBXBuildFile; fileRef = D7CC394A29142C65004E67F9 /* GoogleService-Info.plist */; };
/* End PBXBuildFile section */

/* Begin PBXFileReference section */
		D709914F2913DB120062C1BB /* FirebaseManager.swift */ = {isa = PBXFileReference; lastKnownFileType = sourcecode.swift; path = FirebaseManager.swift; sourceTree = "<group>"; };
		D7C246A92911BAC2006C0FC0 /* OmdbApp.app */ = {isa = PBXFileReference; explicitFileType = wrapper.application; includeInIndex = 0; path = OmdbApp.app; sourceTree = BUILT_PRODUCTS_DIR; };
		D7C246AC2911BAC2006C0FC0 /* AppDelegate.swift */ = {isa = PBXFileReference; lastKnownFileType = sourcecode.swift; path = AppDelegate.swift; sourceTree = "<group>"; };
		D7C246AE2911BAC2006C0FC0 /* SceneDelegate.swift */ = {isa = PBXFileReference; lastKnownFileType = sourcecode.swift; path = SceneDelegate.swift; sourceTree = "<group>"; };
		D7C246B52911BAC6006C0FC0 /* Assets.xcassets */ = {isa = PBXFileReference; lastKnownFileType = folder.assetcatalog; path = Assets.xcassets; sourceTree = "<group>"; };
		D7C246B82911BAC6006C0FC0 /* Base */ = {isa = PBXFileReference; lastKnownFileType = file.storyboard; name = Base; path = Base.lproj/LaunchScreen.storyboard; sourceTree = "<group>"; };
		D7C246BA2911BAC6006C0FC0 /* Info.plist */ = {isa = PBXFileReference; lastKnownFileType = text.plist.xml; path = Info.plist; sourceTree = "<group>"; };
		D7C246C02911BBA7006C0FC0 /* HomeViewController.swift */ = {isa = PBXFileReference; lastKnownFileType = sourcecode.swift; path = HomeViewController.swift; sourceTree = "<group>"; };
		D7C246C22911BBF2006C0FC0 /* OmdbApi.swift */ = {isa = PBXFileReference; lastKnownFileType = sourcecode.swift; path = OmdbApi.swift; sourceTree = "<group>"; };
		D7C246C82911BCC3006C0FC0 /* Target.swift */ = {isa = PBXFileReference; lastKnownFileType = sourcecode.swift; path = Target.swift; sourceTree = "<group>"; };
		D7C246CA2911BE02006C0FC0 /* APIManager.swift */ = {isa = PBXFileReference; lastKnownFileType = sourcecode.swift; path = APIManager.swift; sourceTree = "<group>"; };
		D7C246CE2911BE62006C0FC0 /* Constants.swift */ = {isa = PBXFileReference; lastKnownFileType = sourcecode.swift; path = Constants.swift; sourceTree = "<group>"; };
		D7C246D02911BF17006C0FC0 /* BaseApi.swift */ = {isa = PBXFileReference; lastKnownFileType = sourcecode.swift; path = BaseApi.swift; sourceTree = "<group>"; };
		D7C246D32911BFA1006C0FC0 /* Movie.swift */ = {isa = PBXFileReference; lastKnownFileType = sourcecode.swift; path = Movie.swift; sourceTree = "<group>"; };
		D7C246DC2911C270006C0FC0 /* DetailViewController.swift */ = {isa = PBXFileReference; lastKnownFileType = sourcecode.swift; path = DetailViewController.swift; sourceTree = "<group>"; };
		D7C246DE2911C295006C0FC0 /* SplashViewController.swift */ = {isa = PBXFileReference; lastKnownFileType = sourcecode.swift; path = SplashViewController.swift; sourceTree = "<group>"; };
		D7C246E02911C81A006C0FC0 /* MovieTableViewCell.swift */ = {isa = PBXFileReference; lastKnownFileType = sourcecode.swift; path = MovieTableViewCell.swift; sourceTree = "<group>"; };
		D7C246E22911C846006C0FC0 /* MovieViewModel.swift */ = {isa = PBXFileReference; lastKnownFileType = sourcecode.swift; path = MovieViewModel.swift; sourceTree = "<group>"; };
		D7C246E42911C856006C0FC0 /* MovieDetailViewModel.swift */ = {isa = PBXFileReference; lastKnownFileType = sourcecode.swift; path = MovieDetailViewModel.swift; sourceTree = "<group>"; };
		D7C246EB2911CD54006C0FC0 /* Extensions.swift */ = {isa = PBXFileReference; lastKnownFileType = sourcecode.swift; path = Extensions.swift; sourceTree = "<group>"; };
		D7C246EE2912649E006C0FC0 /* NetworkManager.swift */ = {isa = PBXFileReference; lastKnownFileType = sourcecode.swift; path = NetworkManager.swift; sourceTree = "<group>"; };
		D7CC394A29142C65004E67F9 /* GoogleService-Info.plist */ = {isa = PBXFileReference; fileEncoding = 4; lastKnownFileType = text.plist.xml; path = "GoogleService-Info.plist"; sourceTree = "<group>"; };
/* End PBXFileReference section */

/* Begin PBXFrameworksBuildPhase section */
		D7C246A62911BAC2006C0FC0 /* Frameworks */ = {
			isa = PBXFrameworksBuildPhase;
			buildActionMask = 2147483647;
			files = (
				D70991622913DDEF0062C1BB /* FirebaseMessaging in Frameworks */,
				D7C246E82911C990006C0FC0 /* Kingfisher in Frameworks */,
				D7C246C62911BC3E006C0FC0 /* Alamofire in Frameworks */,
				D70991602913DDEF0062C1BB /* FirebaseAnalytics in Frameworks */,
				D70991642913DDEF0062C1BB /* FirebaseRemoteConfig in Frameworks */,
			);
			runOnlyForDeploymentPostprocessing = 0;
		};
/* End PBXFrameworksBuildPhase section */

/* Begin PBXGroup section */
		D7C246A02911BAC2006C0FC0 = {
			isa = PBXGroup;
			children = (
				D7C246AB2911BAC2006C0FC0 /* OmdbApp */,
				D7C246AA2911BAC2006C0FC0 /* Products */,
			);
			sourceTree = "<group>";
		};
		D7C246AA2911BAC2006C0FC0 /* Products */ = {
			isa = PBXGroup;
			children = (
				D7C246A92911BAC2006C0FC0 /* OmdbApp.app */,
			);
			name = Products;
			sourceTree = "<group>";
		};
		D7C246AB2911BAC2006C0FC0 /* OmdbApp */ = {
			isa = PBXGroup;
			children = (
				D7C246D22911BF92006C0FC0 /* model */,
				D7C246D52911C0A3006C0FC0 /* view */,
				D7C246D92911C1B2006C0FC0 /* viewModel */,
				D7C246ED291259D1006C0FC0 /* manager */,
				D7C246D82911C18A006C0FC0 /* delegate */,
				D7C246D72911C14D006C0FC0 /* resource */,
				D7C246C72911BC73006C0FC0 /* api */,
				D7C246BA2911BAC6006C0FC0 /* Info.plist */,
				D7CC394A29142C65004E67F9 /* GoogleService-Info.plist */,
			);
			path = OmdbApp;
			sourceTree = "<group>";
		};
		D7C246C72911BC73006C0FC0 /* api */ = {
			isa = PBXGroup;
			children = (
				D7C246C22911BBF2006C0FC0 /* OmdbApi.swift */,
				D7C246C82911BCC3006C0FC0 /* Target.swift */,
				D7C246CA2911BE02006C0FC0 /* APIManager.swift */,
				D7C246D02911BF17006C0FC0 /* BaseApi.swift */,
			);
			path = api;
			sourceTree = "<group>";
		};
		D7C246D22911BF92006C0FC0 /* model */ = {
			isa = PBXGroup;
			children = (
				D7C246D32911BFA1006C0FC0 /* Movie.swift */,
			);
			path = model;
			sourceTree = "<group>";
		};
		D7C246D52911C0A3006C0FC0 /* view */ = {
			isa = PBXGroup;
			children = (
				D7C246D62911C0B3006C0FC0 /* controller */,
				D7C246E02911C81A006C0FC0 /* MovieTableViewCell.swift */,
				D7C246B72911BAC6006C0FC0 /* LaunchScreen.storyboard */,
			);
			path = view;
			sourceTree = "<group>";
		};
		D7C246D62911C0B3006C0FC0 /* controller */ = {
			isa = PBXGroup;
			children = (
				D7C246C02911BBA7006C0FC0 /* HomeViewController.swift */,
				D7C246DC2911C270006C0FC0 /* DetailViewController.swift */,
				D7C246DE2911C295006C0FC0 /* SplashViewController.swift */,
			);
			path = controller;
			sourceTree = "<group>";
		};
		D7C246D72911C14D006C0FC0 /* resource */ = {
			isa = PBXGroup;
			children = (
				D7C246B52911BAC6006C0FC0 /* Assets.xcassets */,
				D7C246CE2911BE62006C0FC0 /* Constants.swift */,
				D7C246EB2911CD54006C0FC0 /* Extensions.swift */,
			);
			path = resource;
			sourceTree = "<group>";
		};
		D7C246D82911C18A006C0FC0 /* delegate */ = {
			isa = PBXGroup;
			children = (
				D7C246AC2911BAC2006C0FC0 /* AppDelegate.swift */,
				D7C246AE2911BAC2006C0FC0 /* SceneDelegate.swift */,
			);
			path = delegate;
			sourceTree = "<group>";
		};
		D7C246D92911C1B2006C0FC0 /* viewModel */ = {
			isa = PBXGroup;
			children = (
				D7C246E22911C846006C0FC0 /* MovieViewModel.swift */,
				D7C246E42911C856006C0FC0 /* MovieDetailViewModel.swift */,
			);
			path = viewModel;
			sourceTree = "<group>";
		};
		D7C246ED291259D1006C0FC0 /* manager */ = {
			isa = PBXGroup;
			children = (
				D7C246EE2912649E006C0FC0 /* NetworkManager.swift */,
				D709914F2913DB120062C1BB /* FirebaseManager.swift */,
			);
			path = manager;
			sourceTree = "<group>";
		};
/* End PBXGroup section */

/* Begin PBXNativeTarget section */
		D7C246A82911BAC2006C0FC0 /* OmdbApp */ = {
			isa = PBXNativeTarget;
			buildConfigurationList = D7C246BD2911BAC6006C0FC0 /* Build configuration list for PBXNativeTarget "OmdbApp" */;
			buildPhases = (
				D7C246A52911BAC2006C0FC0 /* Sources */,
				D7C246A62911BAC2006C0FC0 /* Frameworks */,
				D7C246A72911BAC2006C0FC0 /* Resources */,
			);
			buildRules = (
			);
			dependencies = (
			);
			name = OmdbApp;
			packageProductDependencies = (
				D7C246C52911BC3E006C0FC0 /* Alamofire */,
				D7C246E72911C990006C0FC0 /* Kingfisher */,
				D709915F2913DDEF0062C1BB /* FirebaseAnalytics */,
				D70991612913DDEF0062C1BB /* FirebaseMessaging */,
				D70991632913DDEF0062C1BB /* FirebaseRemoteConfig */,
			);
			productName = OmdbApp;
			productReference = D7C246A92911BAC2006C0FC0 /* OmdbApp.app */;
			productType = "com.apple.product-type.application";
		};
/* End PBXNativeTarget section */

/* Begin PBXProject section */
		D7C246A12911BAC2006C0FC0 /* Project object */ = {
			isa = PBXProject;
			attributes = {
				BuildIndependentTargetsInParallel = 1;
				LastSwiftUpdateCheck = 1400;
				LastUpgradeCheck = 1400;
				TargetAttributes = {
					D7C246A82911BAC2006C0FC0 = {
						CreatedOnToolsVersion = 14.0.1;
					};
				};
			};
			buildConfigurationList = D7C246A42911BAC2006C0FC0 /* Build configuration list for PBXProject "OmdbApp" */;
			compatibilityVersion = "Xcode 14.0";
			developmentRegion = en;
			hasScannedForEncodings = 0;
			knownRegions = (
				en,
				Base,
			);
			mainGroup = D7C246A02911BAC2006C0FC0;
			packageReferences = (
				D7C246C42911BC3E006C0FC0 /* XCRemoteSwiftPackageReference "Alamofire" */,
				D7C246E62911C990006C0FC0 /* XCRemoteSwiftPackageReference "Kingfisher" */,
				D709915E2913DDEF0062C1BB /* XCRemoteSwiftPackageReference "firebase-ios-sdk" */,
			);
			productRefGroup = D7C246AA2911BAC2006C0FC0 /* Products */;
			projectDirPath = "";
			projectRoot = "";
			targets = (
				D7C246A82911BAC2006C0FC0 /* OmdbApp */,
			);
		};
/* End PBXProject section */

/* Begin PBXResourcesBuildPhase section */
		D7C246A72911BAC2006C0FC0 /* Resources */ = {
			isa = PBXResourcesBuildPhase;
			buildActionMask = 2147483647;
			files = (
				D7C246B92911BAC6006C0FC0 /* LaunchScreen.storyboard in Resources */,
				D7C246B62911BAC6006C0FC0 /* Assets.xcassets in Resources */,
				D7CC394B29142C65004E67F9 /* GoogleService-Info.plist in Resources */,
			);
			runOnlyForDeploymentPostprocessing = 0;
		};
/* End PBXResourcesBuildPhase section */

/* Begin PBXSourcesBuildPhase section */
		D7C246A52911BAC2006C0FC0 /* Sources */ = {
			isa = PBXSourcesBuildPhase;
			buildActionMask = 2147483647;
			files = (
				D7C246C92911BCC3006C0FC0 /* Target.swift in Sources */,
				D7C246AD2911BAC2006C0FC0 /* AppDelegate.swift in Sources */,
				D7C246E12911C81A006C0FC0 /* MovieTableViewCell.swift in Sources */,
				D7C246DD2911C270006C0FC0 /* DetailViewController.swift in Sources */,
				D7C246EF2912649E006C0FC0 /* NetworkManager.swift in Sources */,
				D7C246CF2911BE62006C0FC0 /* Constants.swift in Sources */,
				D7C246D42911BFA1006C0FC0 /* Movie.swift in Sources */,
				D7C246CB2911BE02006C0FC0 /* APIManager.swift in Sources */,
				D7C246AF2911BAC2006C0FC0 /* SceneDelegate.swift in Sources */,
				D7C246C12911BBA7006C0FC0 /* HomeViewController.swift in Sources */,
				D7C246C32911BBF2006C0FC0 /* OmdbApi.swift in Sources */,
				D7C246EC2911CD54006C0FC0 /* Extensions.swift in Sources */,
				D7C246E32911C846006C0FC0 /* MovieViewModel.swift in Sources */,
				D7C246D12911BF17006C0FC0 /* BaseApi.swift in Sources */,
				D7C246E52911C856006C0FC0 /* MovieDetailViewModel.swift in Sources */,
				D7C246DF2911C295006C0FC0 /* SplashViewController.swift in Sources */,
				D70991502913DB120062C1BB /* FirebaseManager.swift in Sources */,
			);
			runOnlyForDeploymentPostprocessing = 0;
		};
/* End PBXSourcesBuildPhase section */

/* Begin PBXVariantGroup section */
		D7C246B72911BAC6006C0FC0 /* LaunchScreen.storyboard */ = {
			isa = PBXVariantGroup;
			children = (
				D7C246B82911BAC6006C0FC0 /* Base */,
			);
			name = LaunchScreen.storyboard;
			sourceTree = "<group>";
		};
/* End PBXVariantGroup section */

/* Begin XCBuildConfiguration section */
		D7C246BB2911BAC6006C0FC0 /* Debug */ = {
			isa = XCBuildConfiguration;
			buildSettings = {
				ALWAYS_SEARCH_USER_PATHS = NO;
				CLANG_ANALYZER_NONNULL = YES;
				CLANG_ANALYZER_NUMBER_OBJECT_CONVERSION = YES_AGGRESSIVE;
				CLANG_CXX_LANGUAGE_STANDARD = "gnu++20";
				CLANG_ENABLE_MODULES = YES;
				CLANG_ENABLE_OBJC_ARC = YES;
				CLANG_ENABLE_OBJC_WEAK = YES;
				CLANG_WARN_BLOCK_CAPTURE_AUTORELEASING = YES;
				CLANG_WARN_BOOL_CONVERSION = YES;
				CLANG_WARN_COMMA = YES;
				CLANG_WARN_CONSTANT_CONVERSION = YES;
				CLANG_WARN_DEPRECATED_OBJC_IMPLEMENTATIONS = YES;
				CLANG_WARN_DIRECT_OBJC_ISA_USAGE = YES_ERROR;
				CLANG_WARN_DOCUMENTATION_COMMENTS = YES;
				CLANG_WARN_EMPTY_BODY = YES;
				CLANG_WARN_ENUM_CONVERSION = YES;
				CLANG_WARN_INFINITE_RECURSION = YES;
				CLANG_WARN_INT_CONVERSION = YES;
				CLANG_WARN_NON_LITERAL_NULL_CONVERSION = YES;
				CLANG_WARN_OBJC_IMPLICIT_RETAIN_SELF = YES;
				CLANG_WARN_OBJC_LITERAL_CONVERSION = YES;
				CLANG_WARN_OBJC_ROOT_CLASS = YES_ERROR;
				CLANG_WARN_QUOTED_INCLUDE_IN_FRAMEWORK_HEADER = YES;
				CLANG_WARN_RANGE_LOOP_ANALYSIS = YES;
				CLANG_WARN_STRICT_PROTOTYPES = YES;
				CLANG_WARN_SUSPICIOUS_MOVE = YES;
				CLANG_WARN_UNGUARDED_AVAILABILITY = YES_AGGRESSIVE;
				CLANG_WARN_UNREACHABLE_CODE = YES;
				CLANG_WARN__DUPLICATE_METHOD_MATCH = YES;
				COPY_PHASE_STRIP = NO;
				DEBUG_INFORMATION_FORMAT = dwarf;
				ENABLE_STRICT_OBJC_MSGSEND = YES;
				ENABLE_TESTABILITY = YES;
				GCC_C_LANGUAGE_STANDARD = gnu11;
				GCC_DYNAMIC_NO_PIC = NO;
				GCC_NO_COMMON_BLOCKS = YES;
				GCC_OPTIMIZATION_LEVEL = 0;
				GCC_PREPROCESSOR_DEFINITIONS = (
					"DEBUG=1",
					"$(inherited)",
				);
				GCC_WARN_64_TO_32_BIT_CONVERSION = YES;
				GCC_WARN_ABOUT_RETURN_TYPE = YES_ERROR;
				GCC_WARN_UNDECLARED_SELECTOR = YES;
				GCC_WARN_UNINITIALIZED_AUTOS = YES_AGGRESSIVE;
				GCC_WARN_UNUSED_FUNCTION = YES;
				GCC_WARN_UNUSED_VARIABLE = YES;
				IPHONEOS_DEPLOYMENT_TARGET = 16.0;
				MTL_ENABLE_DEBUG_INFO = INCLUDE_SOURCE;
				MTL_FAST_MATH = YES;
				ONLY_ACTIVE_ARCH = YES;
				SDKROOT = iphoneos;
				SWIFT_ACTIVE_COMPILATION_CONDITIONS = DEBUG;
				SWIFT_OPTIMIZATION_LEVEL = "-Onone";
			};
			name = Debug;
		};
		D7C246BC2911BAC6006C0FC0 /* Release */ = {
			isa = XCBuildConfiguration;
			buildSettings = {
				ALWAYS_SEARCH_USER_PATHS = NO;
				CLANG_ANALYZER_NONNULL = YES;
				CLANG_ANALYZER_NUMBER_OBJECT_CONVERSION = YES_AGGRESSIVE;
				CLANG_CXX_LANGUAGE_STANDARD = "gnu++20";
				CLANG_ENABLE_MODULES = YES;
				CLANG_ENABLE_OBJC_ARC = YES;
				CLANG_ENABLE_OBJC_WEAK = YES;
				CLANG_WARN_BLOCK_CAPTURE_AUTORELEASING = YES;
				CLANG_WARN_BOOL_CONVERSION = YES;
				CLANG_WARN_COMMA = YES;
				CLANG_WARN_CONSTANT_CONVERSION = YES;
				CLANG_WARN_DEPRECATED_OBJC_IMPLEMENTATIONS = YES;
				CLANG_WARN_DIRECT_OBJC_ISA_USAGE = YES_ERROR;
				CLANG_WARN_DOCUMENTATION_COMMENTS = YES;
				CLANG_WARN_EMPTY_BODY = YES;
				CLANG_WARN_ENUM_CONVERSION = YES;
				CLANG_WARN_INFINITE_RECURSION = YES;
				CLANG_WARN_INT_CONVERSION = YES;
				CLANG_WARN_NON_LITERAL_NULL_CONVERSION = YES;
				CLANG_WARN_OBJC_IMPLICIT_RETAIN_SELF = YES;
				CLANG_WARN_OBJC_LITERAL_CONVERSION = YES;
				CLANG_WARN_OBJC_ROOT_CLASS = YES_ERROR;
				CLANG_WARN_QUOTED_INCLUDE_IN_FRAMEWORK_HEADER = YES;
				CLANG_WARN_RANGE_LOOP_ANALYSIS = YES;
				CLANG_WARN_STRICT_PROTOTYPES = YES;
				CLANG_WARN_SUSPICIOUS_MOVE = YES;
				CLANG_WARN_UNGUARDED_AVAILABILITY = YES_AGGRESSIVE;
				CLANG_WARN_UNREACHABLE_CODE = YES;
				CLANG_WARN__DUPLICATE_METHOD_MATCH = YES;
				COPY_PHASE_STRIP = NO;
				DEBUG_INFORMATION_FORMAT = "dwarf-with-dsym";
				ENABLE_NS_ASSERTIONS = NO;
				ENABLE_STRICT_OBJC_MSGSEND = YES;
				GCC_C_LANGUAGE_STANDARD = gnu11;
				GCC_NO_COMMON_BLOCKS = YES;
				GCC_WARN_64_TO_32_BIT_CONVERSION = YES;
				GCC_WARN_ABOUT_RETURN_TYPE = YES_ERROR;
				GCC_WARN_UNDECLARED_SELECTOR = YES;
				GCC_WARN_UNINITIALIZED_AUTOS = YES_AGGRESSIVE;
				GCC_WARN_UNUSED_FUNCTION = YES;
				GCC_WARN_UNUSED_VARIABLE = YES;
				IPHONEOS_DEPLOYMENT_TARGET = 16.0;
				MTL_ENABLE_DEBUG_INFO = NO;
				MTL_FAST_MATH = YES;
				SDKROOT = iphoneos;
				SWIFT_COMPILATION_MODE = wholemodule;
				SWIFT_OPTIMIZATION_LEVEL = "-O";
				VALIDATE_PRODUCT = YES;
			};
			name = Release;
		};
		D7C246BE2911BAC6006C0FC0 /* Debug */ = {
			isa = XCBuildConfiguration;
			buildSettings = {
				ASSETCATALOG_COMPILER_APPICON_NAME = AppIcon;
				ASSETCATALOG_COMPILER_GLOBAL_ACCENT_COLOR_NAME = AccentColor;
				CODE_SIGN_STYLE = Automatic;
				CURRENT_PROJECT_VERSION = 1;
				GENERATE_INFOPLIST_FILE = YES;
				INFOPLIST_FILE = OmdbApp/Info.plist;
				INFOPLIST_KEY_UIApplicationSupportsIndirectInputEvents = YES;
				INFOPLIST_KEY_UILaunchStoryboardName = LaunchScreen;
				INFOPLIST_KEY_UISupportedInterfaceOrientations_iPad = "UIInterfaceOrientationPortrait UIInterfaceOrientationPortraitUpsideDown UIInterfaceOrientationLandscapeLeft UIInterfaceOrientationLandscapeRight";
				INFOPLIST_KEY_UISupportedInterfaceOrientations_iPhone = "UIInterfaceOrientationPortrait UIInterfaceOrientationLandscapeLeft UIInterfaceOrientationLandscapeRight";
				IPHONEOS_DEPLOYMENT_TARGET = 15.0;
				LD_RUNPATH_SEARCH_PATHS = (
					"$(inherited)",
					"@executable_path/Frameworks",
				);
				MARKETING_VERSION = 1.0;
				PRODUCT_BUNDLE_IDENTIFIER = com.smyy.OmdbApp;
				PRODUCT_NAME = "$(TARGET_NAME)";
				SWIFT_EMIT_LOC_STRINGS = YES;
				SWIFT_VERSION = 5.0;
				TARGETED_DEVICE_FAMILY = "1,2";
			};
			name = Debug;
		};
		D7C246BF2911BAC6006C0FC0 /* Release */ = {
			isa = XCBuildConfiguration;
			buildSettings = {
				ASSETCATALOG_COMPILER_APPICON_NAME = AppIcon;
				ASSETCATALOG_COMPILER_GLOBAL_ACCENT_COLOR_NAME = AccentColor;
				CODE_SIGN_STYLE = Automatic;
				CURRENT_PROJECT_VERSION = 1;
				GENERATE_INFOPLIST_FILE = YES;
				INFOPLIST_FILE = OmdbApp/Info.plist;
				INFOPLIST_KEY_UIApplicationSupportsIndirectInputEvents = YES;
				INFOPLIST_KEY_UILaunchStoryboardName = LaunchScreen;
				INFOPLIST_KEY_UISupportedInterfaceOrientations_iPad = "UIInterfaceOrientationPortrait UIInterfaceOrientationPortraitUpsideDown UIInterfaceOrientationLandscapeLeft UIInterfaceOrientationLandscapeRight";
				INFOPLIST_KEY_UISupportedInterfaceOrientations_iPhone = "UIInterfaceOrientationPortrait UIInterfaceOrientationLandscapeLeft UIInterfaceOrientationLandscapeRight";
				IPHONEOS_DEPLOYMENT_TARGET = 15.0;
				LD_RUNPATH_SEARCH_PATHS = (
					"$(inherited)",
					"@executable_path/Frameworks",
				);
				MARKETING_VERSION = 1.0;
				PRODUCT_BUNDLE_IDENTIFIER = com.smyy.OmdbApp;
				PRODUCT_NAME = "$(TARGET_NAME)";
				SWIFT_EMIT_LOC_STRINGS = YES;
				SWIFT_VERSION = 5.0;
				TARGETED_DEVICE_FAMILY = "1,2";
			};
			name = Release;
		};
/* End XCBuildConfiguration section */

/* Begin XCConfigurationList section */
		D7C246A42911BAC2006C0FC0 /* Build configuration list for PBXProject "OmdbApp" */ = {
			isa = XCConfigurationList;
			buildConfigurations = (
				D7C246BB2911BAC6006C0FC0 /* Debug */,
				D7C246BC2911BAC6006C0FC0 /* Release */,
			);
			defaultConfigurationIsVisible = 0;
			defaultConfigurationName = Release;
		};
		D7C246BD2911BAC6006C0FC0 /* Build configuration list for PBXNativeTarget "OmdbApp" */ = {
			isa = XCConfigurationList;
			buildConfigurations = (
				D7C246BE2911BAC6006C0FC0 /* Debug */,
				D7C246BF2911BAC6006C0FC0 /* Release */,
			);
			defaultConfigurationIsVisible = 0;
			defaultConfigurationName = Release;
		};
/* End XCConfigurationList section */

/* Begin XCRemoteSwiftPackageReference section */
		D709915E2913DDEF0062C1BB /* XCRemoteSwiftPackageReference "firebase-ios-sdk" */ = {
			isa = XCRemoteSwiftPackageReference;
			repositoryURL = "https://github.com/firebase/firebase-ios-sdk";
			requirement = {
				branch = master;
				kind = branch;
			};
		};
		D7C246C42911BC3E006C0FC0 /* XCRemoteSwiftPackageReference "Alamofire" */ = {
			isa = XCRemoteSwiftPackageReference;
			repositoryURL = "https://github.com/Alamofire/Alamofire.git";
			requirement = {
				branch = master;
				kind = branch;
			};
		};
		D7C246E62911C990006C0FC0 /* XCRemoteSwiftPackageReference "Kingfisher" */ = {
			isa = XCRemoteSwiftPackageReference;
			repositoryURL = "https://github.com/onevcat/Kingfisher.git";
			requirement = {
				kind = upToNextMajorVersion;
				minimumVersion = 7.0.0;
			};
		};
/* End XCRemoteSwiftPackageReference section */

/* Begin XCSwiftPackageProductDependency section */
		D709915F2913DDEF0062C1BB /* FirebaseAnalytics */ = {
			isa = XCSwiftPackageProductDependency;
			package = D709915E2913DDEF0062C1BB /* XCRemoteSwiftPackageReference "firebase-ios-sdk" */;
			productName = FirebaseAnalytics;
		};
		D70991612913DDEF0062C1BB /* FirebaseMessaging */ = {
			isa = XCSwiftPackageProductDependency;
			package = D709915E2913DDEF0062C1BB /* XCRemoteSwiftPackageReference "firebase-ios-sdk" */;
			productName = FirebaseMessaging;
		};
		D70991632913DDEF0062C1BB /* FirebaseRemoteConfig */ = {
			isa = XCSwiftPackageProductDependency;
			package = D709915E2913DDEF0062C1BB /* XCRemoteSwiftPackageReference "firebase-ios-sdk" */;
			productName = FirebaseRemoteConfig;
		};
		D7C246C52911BC3E006C0FC0 /* Alamofire */ = {
			isa = XCSwiftPackageProductDependency;
			package = D7C246C42911BC3E006C0FC0 /* XCRemoteSwiftPackageReference "Alamofire" */;
			productName = Alamofire;
		};
		D7C246E72911C990006C0FC0 /* Kingfisher */ = {
			isa = XCSwiftPackageProductDependency;
			package = D7C246E62911C990006C0FC0 /* XCRemoteSwiftPackageReference "Kingfisher" */;
			productName = Kingfisher;
		};
/* End XCSwiftPackageProductDependency section */
	};
	rootObject = D7C246A12911BAC2006C0FC0 /* Project object */;
}
